
Microsoft Visual Studio Solution File, Format Version 12.00
# Visual Studio Version 17
VisualStudioVersion = 17.5.33516.290
MinimumVisualStudioVersion = 10.0.40219.1
Project("{9A19103F-16F7-4668-BE54-9A1E7A4F7556}") = "AdrExplorer", "AdrExplorer\AdrExplorer.csproj", "{B66BFFA5-6A17-4309-BD87-0AF6F8966467}"
EndProject
Project("{9A19103F-16F7-4668-BE54-9A1E7A4F7556}") = "AdrExplorer.Services", "AdrExplorer.Services\AdrExplorer.Services.csproj", "{0B816AD3-82AF-44EC-91A1-06E289DA51EE}"
EndProject
Project("{9A19103F-16F7-4668-BE54-9A1E7A4F7556}") = "AdrExplorer.Hhi", "AdrExplorer.Hhi\AdrExplorer.Hhi.csproj", "{007BB2A2-4093-4837-BE5A-0D0663819A3E}"
EndProject
Global
	GlobalSection(SolutionConfigurationPlatforms) = preSolution
		Debug|Any CPU = Debug|Any CPU
		Release|Any CPU = Release|Any CPU
	EndGlobalSection
	GlobalSection(ProjectConfigurationPlatforms) = postSolution
		{B66BFFA5-6A17-4309-BD87-0AF6F8966467}.Debug|Any CPU.ActiveCfg = Debug|Any CPU
		{B66BFFA5-6A17-4309-BD87-0AF6F8966467}.Debug|Any CPU.Build.0 = Debug|Any CPU
		{B66BFFA5-6A17-4309-BD87-0AF6F8966467}.Release|Any CPU.ActiveCfg = Release|Any CPU
		{B66BFFA5-6A17-4309-BD87-0AF6F8966467}.Release|Any CPU.Build.0 = Release|Any CPU
		{0B816AD3-82AF-44EC-91A1-06E289DA51EE}.Debug|Any CPU.ActiveCfg = Debug|Any CPU
		{0B816AD3-82AF-44EC-91A1-06E289DA51EE}.Debug|Any CPU.Build.0 = Debug|Any CPU
		{0B816AD3-82AF-44EC-91A1-06E289DA51EE}.Release|Any CPU.ActiveCfg = Release|Any CPU
		{0B816AD3-82AF-44EC-91A1-06E289DA51EE}.Release|Any CPU.Build.0 = Release|Any CPU
		{007BB2A2-4093-4837-BE5A-0D0663819A3E}.Debug|Any CPU.ActiveCfg = Debug|Any CPU
		{007BB2A2-4093-4837-BE5A-0D0663819A3E}.Debug|Any CPU.Build.0 = Debug|Any CPU
		{007BB2A2-4093-4837-BE5A-0D0663819A3E}.Release|Any CPU.ActiveCfg = Release|Any CPU
		{007BB2A2-4093-4837-BE5A-0D0663819A3E}.Release|Any CPU.Build.0 = Release|Any CPU
	EndGlobalSection
	GlobalSection(SolutionProperties) = preSolution
		HideSolutionNode = FALSE
	EndGlobalSection
	GlobalSection(ExtensibilityGlobals) = postSolution
		SolutionGuid = {4B64E1B5-8075-4865-940B-87B742548045}
	EndGlobalSection
EndGlobal
